
Microsoft Visual Studio Solution File, Format Version 12.00
# Visual Studio Version 17
VisualStudioVersion = 17.0.31903.59
MinimumVisualStudioVersion = 10.0.40219.1
Project("{2150E333-8FDC-42A3-9474-1A3956D46DE8}") = "src", "src", "{63DA14E8-5DFB-49A5-9A9D-14CAFEE7FD76}"
EndProject
Project("{2150E333-8FDC-42A3-9474-1A3956D46DE8}") = "Backend", "Backend", "{906870F7-DDDB-4AB5-9999-5688B9996015}"
EndProject
Project("{FAE04EC0-301F-11D3-BF4B-00C04F79EFBC}") = "FirmaData.Api", "src\Backend\FirmaData.Api\FirmaData.Api.csproj", "{BBA6C2B3-5436-4A8A-8E4D-D27B6F607106}"
EndProject
Project("{FAE04EC0-301F-11D3-BF4B-00C04F79EFBC}") = "FirmaData.Application", "src\Backend\FirmaData.Application\FirmaData.Application.csproj", "{CC299BEF-FFE7-410D-8179-9FBE4A63B7D6}"
EndProject
Project("{FAE04EC0-301F-11D3-BF4B-00C04F79EFBC}") = "FirmaData.Contracts", "src\Backend\FirmaData.Contracts\FirmaData.Contracts.csproj", "{7710D11C-192A-47C9-8018-CD2A516FE2F9}"
EndProject
Project("{FAE04EC0-301F-11D3-BF4B-00C04F79EFBC}") = "FirmaData.Cvr", "src\Backend\FirmaData.Cvr\FirmaData.Cvr.csproj", "{E376E4AB-7E83-499C-B789-E9465B196A6A}"
EndProject
Project("{FAE04EC0-301F-11D3-BF4B-00C04F79EFBC}") = "FirmaData.Domain", "src\Backend\FirmaData.Domain\FirmaData.Domain.csproj", "{D749AA5A-3DC4-43D8-A636-95817305E60C}"
EndProject
Project("{FAE04EC0-301F-11D3-BF4B-00C04F79EFBC}") = "FirmaData.Statbank", "src\Backend\FirmaData.Statbank\FirmaData.Statbank.csproj", "{1A9D03F6-3D2A-4A97-9FCC-7ACE521636B2}"
EndProject
Project("{2150E333-8FDC-42A3-9474-1A3956D46DE8}") = "Frontend", "Frontend", "{AED55001-1AF8-4524-BDCF-270D22CCA32C}"
EndProject
Project("{FAE04EC0-301F-11D3-BF4B-00C04F79EFBC}") = "FirmaData.Web", "src\Frontend\FirmaData.Web\FirmaData.Web.csproj", "{C55EC47C-8A8D-4482-A5B0-4D157E574781}"
EndProject
Project("{2150E333-8FDC-42A3-9474-1A3956D46DE8}") = "tests", "tests", "{F6D986CA-6320-4C00-88F3-EFFC475AA6A4}"
EndProject
Project("{2150E333-8FDC-42A3-9474-1A3956D46DE8}") = "Backend", "Backend", "{C9EC726E-1346-4C58-BD9A-6568718BA3DA}"
EndProject
Project("{FAE04EC0-301F-11D3-BF4B-00C04F79EFBC}") = "FirmaData.Api.IntegrationTests", "tests\Backend\FirmaData.Api.IntegrationTests\FirmaData.Api.IntegrationTests.csproj", "{B78A79BE-B1BC-4FCD-8739-DD8B89A689DA}"
EndProject
Project("{FAE04EC0-301F-11D3-BF4B-00C04F79EFBC}") = "FirmaData.Application.Tests", "tests\Backend\FirmaData.Application.Tests\FirmaData.Application.Tests.csproj", "{975B2DE4-887E-417A-A124-B03E72B90275}"
EndProject
Project("{FAE04EC0-301F-11D3-BF4B-00C04F79EFBC}") = "FirmaData.Cvr.Tests", "tests\Backend\FirmaData.Cvr.Tests\FirmaData.Cvr.Tests.csproj", "{C3C62272-FFF5-4412-A6B8-F21F74763670}"
EndProject
Project("{FAE04EC0-301F-11D3-BF4B-00C04F79EFBC}") = "FirmaData.Domain.Tests", "tests\Backend\FirmaData.Domain.Tests\FirmaData.Domain.Tests.csproj", "{0658D0A3-A186-4CC5-831B-E5C04B9E85B1}"
EndProject
Project("{FAE04EC0-301F-11D3-BF4B-00C04F79EFBC}") = "FirmaData.Statbank.Tests", "tests\Backend\FirmaData.Statbank.Tests\FirmaData.Statbank.Tests.csproj", "{9C176500-BD38-43F5-8A91-D634C83EDCFB}"
EndProject
Project("{2150E333-8FDC-42A3-9474-1A3956D46DE8}") = "Frontend", "Frontend", "{B526267B-56C4-452D-B526-9230E77CDCDC}"
EndProject
Project("{FAE04EC0-301F-11D3-BF4B-00C04F79EFBC}") = "FirmaData.Web.Tests", "tests\Frontend\FirmaData.Web.Tests\FirmaData.Web.Tests.csproj", "{B15CCD56-04C2-4415-84C0-E5CCFB2B1B9A}"
EndProject
Global
	GlobalSection(SolutionConfigurationPlatforms) = preSolution
		Debug|Any CPU = Debug|Any CPU
		Release|Any CPU = Release|Any CPU
	EndGlobalSection
	GlobalSection(SolutionProperties) = preSolution
		HideSolutionNode = FALSE
	EndGlobalSection
	GlobalSection(ProjectConfigurationPlatforms) = postSolution
		{BBA6C2B3-5436-4A8A-8E4D-D27B6F607106}.Debug|Any CPU.ActiveCfg = Debug|Any CPU
		{BBA6C2B3-5436-4A8A-8E4D-D27B6F607106}.Debug|Any CPU.Build.0 = Debug|Any CPU
		{BBA6C2B3-5436-4A8A-8E4D-D27B6F607106}.Release|Any CPU.ActiveCfg = Release|Any CPU
		{BBA6C2B3-5436-4A8A-8E4D-D27B6F607106}.Release|Any CPU.Build.0 = Release|Any CPU
		{CC299BEF-FFE7-410D-8179-9FBE4A63B7D6}.Debug|Any CPU.ActiveCfg = Debug|Any CPU
		{CC299BEF-FFE7-410D-8179-9FBE4A63B7D6}.Debug|Any CPU.Build.0 = Debug|Any CPU
		{CC299BEF-FFE7-410D-8179-9FBE4A63B7D6}.Release|Any CPU.ActiveCfg = Release|Any CPU
		{CC299BEF-FFE7-410D-8179-9FBE4A63B7D6}.Release|Any CPU.Build.0 = Release|Any CPU
		{7710D11C-192A-47C9-8018-CD2A516FE2F9}.Debug|Any CPU.ActiveCfg = Debug|Any CPU
		{7710D11C-192A-47C9-8018-CD2A516FE2F9}.Debug|Any CPU.Build.0 = Debug|Any CPU
		{7710D11C-192A-47C9-8018-CD2A516FE2F9}.Release|Any CPU.ActiveCfg = Release|Any CPU
		{7710D11C-192A-47C9-8018-CD2A516FE2F9}.Release|Any CPU.Build.0 = Release|Any CPU
		{E376E4AB-7E83-499C-B789-E9465B196A6A}.Debug|Any CPU.ActiveCfg = Debug|Any CPU
		{E376E4AB-7E83-499C-B789-E9465B196A6A}.Debug|Any CPU.Build.0 = Debug|Any CPU
		{E376E4AB-7E83-499C-B789-E9465B196A6A}.Release|Any CPU.ActiveCfg = Release|Any CPU
		{E376E4AB-7E83-499C-B789-E9465B196A6A}.Release|Any CPU.Build.0 = Release|Any CPU
		{D749AA5A-3DC4-43D8-A636-95817305E60C}.Debug|Any CPU.ActiveCfg = Debug|Any CPU
		{D749AA5A-3DC4-43D8-A636-95817305E60C}.Debug|Any CPU.Build.0 = Debug|Any CPU
		{D749AA5A-3DC4-43D8-A636-95817305E60C}.Release|Any CPU.ActiveCfg = Release|Any CPU
		{D749AA5A-3DC4-43D8-A636-95817305E60C}.Release|Any CPU.Build.0 = Release|Any CPU
		{1A9D03F6-3D2A-4A97-9FCC-7ACE521636B2}.Debug|Any CPU.ActiveCfg = Debug|Any CPU
		{1A9D03F6-3D2A-4A97-9FCC-7ACE521636B2}.Debug|Any CPU.Build.0 = Debug|Any CPU
		{1A9D03F6-3D2A-4A97-9FCC-7ACE521636B2}.Release|Any CPU.ActiveCfg = Release|Any CPU
		{1A9D03F6-3D2A-4A97-9FCC-7ACE521636B2}.Release|Any CPU.Build.0 = Release|Any CPU
		{C55EC47C-8A8D-4482-A5B0-4D157E574781}.Debug|Any CPU.ActiveCfg = Debug|Any CPU
		{C55EC47C-8A8D-4482-A5B0-4D157E574781}.Debug|Any CPU.Build.0 = Debug|Any CPU
		{C55EC47C-8A8D-4482-A5B0-4D157E574781}.Release|Any CPU.ActiveCfg = Release|Any CPU
		{C55EC47C-8A8D-4482-A5B0-4D157E574781}.Release|Any CPU.Build.0 = Release|Any CPU
		{B78A79BE-B1BC-4FCD-8739-DD8B89A689DA}.Debug|Any CPU.ActiveCfg = Debug|Any CPU
		{B78A79BE-B1BC-4FCD-8739-DD8B89A689DA}.Debug|Any CPU.Build.0 = Debug|Any CPU
		{B78A79BE-B1BC-4FCD-8739-DD8B89A689DA}.Release|Any CPU.ActiveCfg = Release|Any CPU
		{B78A79BE-B1BC-4FCD-8739-DD8B89A689DA}.Release|Any CPU.Build.0 = Release|Any CPU
		{975B2DE4-887E-417A-A124-B03E72B90275}.Debug|Any CPU.ActiveCfg = Debug|Any CPU
		{975B2DE4-887E-417A-A124-B03E72B90275}.Debug|Any CPU.Build.0 = Debug|Any CPU
		{975B2DE4-887E-417A-A124-B03E72B90275}.Release|Any CPU.ActiveCfg = Release|Any CPU
		{975B2DE4-887E-417A-A124-B03E72B90275}.Release|Any CPU.Build.0 = Release|Any CPU
		{C3C62272-FFF5-4412-A6B8-F21F74763670}.Debug|Any CPU.ActiveCfg = Debug|Any CPU
		{C3C62272-FFF5-4412-A6B8-F21F74763670}.Debug|Any CPU.Build.0 = Debug|Any CPU
		{C3C62272-FFF5-4412-A6B8-F21F74763670}.Release|Any CPU.ActiveCfg = Release|Any CPU
		{C3C62272-FFF5-4412-A6B8-F21F74763670}.Release|Any CPU.Build.0 = Release|Any CPU
		{0658D0A3-A186-4CC5-831B-E5C04B9E85B1}.Debug|Any CPU.ActiveCfg = Debug|Any CPU
		{0658D0A3-A186-4CC5-831B-E5C04B9E85B1}.Debug|Any CPU.Build.0 = Debug|Any CPU
		{0658D0A3-A186-4CC5-831B-E5C04B9E85B1}.Release|Any CPU.ActiveCfg = Release|Any CPU
		{0658D0A3-A186-4CC5-831B-E5C04B9E85B1}.Release|Any CPU.Build.0 = Release|Any CPU
		{9C176500-BD38-43F5-8A91-D634C83EDCFB}.Debug|Any CPU.ActiveCfg = Debug|Any CPU
		{9C176500-BD38-43F5-8A91-D634C83EDCFB}.Debug|Any CPU.Build.0 = Debug|Any CPU
		{9C176500-BD38-43F5-8A91-D634C83EDCFB}.Release|Any CPU.ActiveCfg = Release|Any CPU
		{9C176500-BD38-43F5-8A91-D634C83EDCFB}.Release|Any CPU.Build.0 = Release|Any CPU
		{B15CCD56-04C2-4415-84C0-E5CCFB2B1B9A}.Debug|Any CPU.ActiveCfg = Debug|Any CPU
		{B15CCD56-04C2-4415-84C0-E5CCFB2B1B9A}.Debug|Any CPU.Build.0 = Debug|Any CPU
		{B15CCD56-04C2-4415-84C0-E5CCFB2B1B9A}.Release|Any CPU.ActiveCfg = Release|Any CPU
		{B15CCD56-04C2-4415-84C0-E5CCFB2B1B9A}.Release|Any CPU.Build.0 = Release|Any CPU
	EndGlobalSection
	GlobalSection(NestedProjects) = preSolution
		{906870F7-DDDB-4AB5-9999-5688B9996015} = {63DA14E8-5DFB-49A5-9A9D-14CAFEE7FD76}
		{BBA6C2B3-5436-4A8A-8E4D-D27B6F607106} = {906870F7-DDDB-4AB5-9999-5688B9996015}
		{CC299BEF-FFE7-410D-8179-9FBE4A63B7D6} = {906870F7-DDDB-4AB5-9999-5688B9996015}
		{7710D11C-192A-47C9-8018-CD2A516FE2F9} = {906870F7-DDDB-4AB5-9999-5688B9996015}
		{E376E4AB-7E83-499C-B789-E9465B196A6A} = {906870F7-DDDB-4AB5-9999-5688B9996015}
		{D749AA5A-3DC4-43D8-A636-95817305E60C} = {906870F7-DDDB-4AB5-9999-5688B9996015}
		{1A9D03F6-3D2A-4A97-9FCC-7ACE521636B2} = {906870F7-DDDB-4AB5-9999-5688B9996015}
		{AED55001-1AF8-4524-BDCF-270D22CCA32C} = {63DA14E8-5DFB-49A5-9A9D-14CAFEE7FD76}
		{C55EC47C-8A8D-4482-A5B0-4D157E574781} = {AED55001-1AF8-4524-BDCF-270D22CCA32C}
		{C9EC726E-1346-4C58-BD9A-6568718BA3DA} = {F6D986CA-6320-4C00-88F3-EFFC475AA6A4}
		{B78A79BE-B1BC-4FCD-8739-DD8B89A689DA} = {C9EC726E-1346-4C58-BD9A-6568718BA3DA}
		{975B2DE4-887E-417A-A124-B03E72B90275} = {C9EC726E-1346-4C58-BD9A-6568718BA3DA}
		{C3C62272-FFF5-4412-A6B8-F21F74763670} = {C9EC726E-1346-4C58-BD9A-6568718BA3DA}
		{0658D0A3-A186-4CC5-831B-E5C04B9E85B1} = {C9EC726E-1346-4C58-BD9A-6568718BA3DA}
		{9C176500-BD38-43F5-8A91-D634C83EDCFB} = {C9EC726E-1346-4C58-BD9A-6568718BA3DA}
		{B526267B-56C4-452D-B526-9230E77CDCDC} = {F6D986CA-6320-4C00-88F3-EFFC475AA6A4}
		{B15CCD56-04C2-4415-84C0-E5CCFB2B1B9A} = {B526267B-56C4-452D-B526-9230E77CDCDC}
	EndGlobalSection
EndGlobal
